
Microsoft Visual Studio Solution File, Format Version 12.00
# Visual Studio Version 16
VisualStudioVersion = 16.0.31129.286
MinimumVisualStudioVersion = 10.0.40219.1
Project("{FAE04EC0-301F-11D3-BF4B-00C04F79EFBC}") = "assignment1-2", "assignment1-2\assignment1-2.csproj", "{839AE449-44C9-4A86-92C0-2526498F9ECE}"
EndProject
Global
	GlobalSection(SolutionConfigurationPlatforms) = preSolution
		Debug|Any CPU = Debug|Any CPU
		Release|Any CPU = Release|Any CPU
	EndGlobalSection
	GlobalSection(ProjectConfigurationPlatforms) = postSolution
		{839AE449-44C9-4A86-92C0-2526498F9ECE}.Debug|Any CPU.ActiveCfg = Debug|Any CPU
		{839AE449-44C9-4A86-92C0-2526498F9ECE}.Debug|Any CPU.Build.0 = Debug|Any CPU
		{839AE449-44C9-4A86-92C0-2526498F9ECE}.Release|Any CPU.ActiveCfg = Release|Any CPU
		{839AE449-44C9-4A86-92C0-2526498F9ECE}.Release|Any CPU.Build.0 = Release|Any CPU
	EndGlobalSection
	GlobalSection(SolutionProperties) = preSolution
		HideSolutionNode = FALSE
	EndGlobalSection
	GlobalSection(ExtensibilityGlobals) = postSolution
		SolutionGuid = {0A862506-7923-41AC-8061-4FB8D74731D6}
	EndGlobalSection
EndGlobal
